// !$*UTF8*$!
{
	archiveVersion = 1;
	classes = {
	};
	objectVersion = 46;
	objects = {

/* Begin PBXBuildFile section */
		E36C2C711A27ECCF00DA9163 /* EnterLocationTableViewDataSource.m in Sources */ = {isa = PBXBuildFile; fileRef = E36C2C701A27ECCF00DA9163 /* EnterLocationTableViewDataSource.m */; };
		E36C2C731A28FBB500DA9163 /* CoreLocation.framework in Frameworks */ = {isa = PBXBuildFile; fileRef = E36C2C721A28FBB500DA9163 /* CoreLocation.framework */; };
		E36C2C751A2A1A6E00DA9163 /* MessageUI.framework in Frameworks */ = {isa = PBXBuildFile; fileRef = E36C2C741A2A1A6E00DA9163 /* MessageUI.framework */; };
		E37D2EEB1A204AE200E66938 /* LocationButtonCell.m in Sources */ = {isa = PBXBuildFile; fileRef = E37D2EEA1A204AE200E66938 /* LocationButtonCell.m */; };
		E37D2EEE1A204B2200E66938 /* AddressFieldCell.m in Sources */ = {isa = PBXBuildFile; fileRef = E37D2EED1A204B2200E66938 /* AddressFieldCell.m */; };
		E37D2EF11A204B5D00E66938 /* CommentFieldCell.m in Sources */ = {isa = PBXBuildFile; fileRef = E37D2EF01A204B5D00E66938 /* CommentFieldCell.m */; };
		E37D2EF41A23B9BE00E66938 /* MapFieldCell.m in Sources */ = {isa = PBXBuildFile; fileRef = E37D2EF31A23B9BD00E66938 /* MapFieldCell.m */; };
		E37D2EF71A26753400E66938 /* CameraCell.m in Sources */ = {isa = PBXBuildFile; fileRef = E37D2EF61A26753400E66938 /* CameraCell.m */; };
		E383D6091A2FFD740030E937 /* SendMessageViewController.m in Sources */ = {isa = PBXBuildFile; fileRef = E383D6071A2FFD740030E937 /* SendMessageViewController.m */; };
		E383D60A1A2FFD740030E937 /* SendMessageViewController.xib in Resources */ = {isa = PBXBuildFile; fileRef = E383D6081A2FFD740030E937 /* SendMessageViewController.xib */; };
		E383D60D1A3010580030E937 /* SendMessageCell.m in Sources */ = {isa = PBXBuildFile; fileRef = E383D60C1A3010580030E937 /* SendMessageCell.m */; };
		E39A4B851A1C2E4100909E63 /* main.m in Sources */ = {isa = PBXBuildFile; fileRef = E39A4B841A1C2E4100909E63 /* main.m */; };
		E39A4B881A1C2E4100909E63 /* AppDelegate.m in Sources */ = {isa = PBXBuildFile; fileRef = E39A4B871A1C2E4100909E63 /* AppDelegate.m */; };
		E39A4B8B1A1C2E4100909E63 /* ViewController.m in Sources */ = {isa = PBXBuildFile; fileRef = E39A4B8A1A1C2E4100909E63 /* ViewController.m */; };
		E39A4B8E1A1C2E4100909E63 /* Main.storyboard in Resources */ = {isa = PBXBuildFile; fileRef = E39A4B8C1A1C2E4100909E63 /* Main.storyboard */; };
		E39A4B901A1C2E4100909E63 /* Images.xcassets in Resources */ = {isa = PBXBuildFile; fileRef = E39A4B8F1A1C2E4100909E63 /* Images.xcassets */; };
		E39A4B931A1C2E4100909E63 /* LaunchScreen.xib in Resources */ = {isa = PBXBuildFile; fileRef = E39A4B911A1C2E4100909E63 /* LaunchScreen.xib */; };
		E39A4B9F1A1C2E4100909E63 /* SBSAppTests.m in Sources */ = {isa = PBXBuildFile; fileRef = E39A4B9E1A1C2E4100909E63 /* SBSAppTests.m */; };
		E39A4BA91A1C312B00909E63 /* MapKit.framework in Frameworks */ = {isa = PBXBuildFile; fileRef = E39A4BA81A1C312B00909E63 /* MapKit.framework */; };
		E39A4BAC1A1C317900909E63 /* GetLocationViewController.m in Sources */ = {isa = PBXBuildFile; fileRef = E39A4BAB1A1C317900909E63 /* GetLocationViewController.m */; };
		E39A4BAF1A1C31A300909E63 /* EnterLocationViewController.m in Sources */ = {isa = PBXBuildFile; fileRef = E39A4BAE1A1C31A200909E63 /* EnterLocationViewController.m */; };
		E39A4BB51A1C364C00909E63 /* MainTableViewDataSource.m in Sources */ = {isa = PBXBuildFile; fileRef = E39A4BB41A1C364C00909E63 /* MainTableViewDataSource.m */; };
		E39A4BB81A1C5BE300909E63 /* GetLocationTableViewDataSource.m in Sources */ = {isa = PBXBuildFile; fileRef = E39A4BB71A1C5BE300909E63 /* GetLocationTableViewDataSource.m */; };
		E3B8F0521A30D9E200709863 /* GetLocation.png in Resources */ = {isa = PBXBuildFile; fileRef = E3B8F04F1A30D9E200709863 /* GetLocation.png */; };
		E3B8F0531A30D9E200709863 /* GetLocation.svg in Resources */ = {isa = PBXBuildFile; fileRef = E3B8F0501A30D9E200709863 /* GetLocation.svg */; };
		E3B8F0541A30D9E200709863 /* license.txt in Resources */ = {isa = PBXBuildFile; fileRef = E3B8F0511A30D9E200709863 /* license.txt */; };
		E3B8F06B1A30E17100709863 /* Truck120pt.png in Resources */ = {isa = PBXBuildFile; fileRef = E3B8F0691A30E17100709863 /* Truck120pt.png */; };
		E3B8F06C1A30E17100709863 /* Truck80pt.png in Resources */ = {isa = PBXBuildFile; fileRef = E3B8F06A1A30E17100709863 /* Truck80pt.png */; };
		E3B8F06F1A30E21000709863 /* Truck87pt.png in Resources */ = {isa = PBXBuildFile; fileRef = E3B8F06D1A30E21000709863 /* Truck87pt.png */; };
		E3B8F0701A30E21000709863 /* Truck58pt.png in Resources */ = {isa = PBXBuildFile; fileRef = E3B8F06E1A30E21000709863 /* Truck58pt.png */; };
		E3B8F0721A30E2F600709863 /* Truck180pt.png in Resources */ = {isa = PBXBuildFile; fileRef = E3B8F0711A30E2F600709863 /* Truck180pt.png */; };
		E3B8F0741A30E3C100709863 /* Truck29pt.png in Resources */ = {isa = PBXBuildFile; fileRef = E3B8F0731A30E3C100709863 /* Truck29pt.png */; };
		E3B8F0761A30E41D00709863 /* Truck40pt.png in Resources */ = {isa = PBXBuildFile; fileRef = E3B8F0751A30E41D00709863 /* Truck40pt.png */; };
		E3B8F0791A30E48700709863 /* Truck152pt.png in Resources */ = {isa = PBXBuildFile; fileRef = E3B8F0771A30E48700709863 /* Truck152pt.png */; };
		E3B8F07A1A30E48700709863 /* Truck76pt.png in Resources */ = {isa = PBXBuildFile; fileRef = E3B8F0781A30E48700709863 /* Truck76pt.png */; };
		E3B8F07D1A30FBE200709863 /* SBSAppearance.m in Sources */ = {isa = PBXBuildFile; fileRef = E3B8F07C1A30FBE200709863 /* SBSAppearance.m */; };
		E3E154FB1A26807A007850F0 /* AVFoundation.framework in Frameworks */ = {isa = PBXBuildFile; fileRef = E3E154FA1A26807A007850F0 /* AVFoundation.framework */; };
		E3E155041A278964007850F0 /* CameraViewController.m in Sources */ = {isa = PBXBuildFile; fileRef = E3E155021A278964007850F0 /* CameraViewController.m */; };
		E3E155051A278964007850F0 /* CameraViewController.xib in Resources */ = {isa = PBXBuildFile; fileRef = E3E155031A278964007850F0 /* CameraViewController.xib */; };
/* End PBXBuildFile section */

/* Begin PBXContainerItemProxy section */
		E39A4B991A1C2E4100909E63 /* PBXContainerItemProxy */ = {
			isa = PBXContainerItemProxy;
			containerPortal = E39A4B771A1C2E4100909E63 /* Project object */;
			proxyType = 1;
			remoteGlobalIDString = E39A4B7E1A1C2E4100909E63;
			remoteInfo = SBSApp;
		};
/* End PBXContainerItemProxy section */

/* Begin PBXFileReference section */
		E36C2C6F1A27ECCF00DA9163 /* EnterLocationTableViewDataSource.h */ = {isa = PBXFileReference; fileEncoding = 4; lastKnownFileType = sourcecode.c.h; path = EnterLocationTableViewDataSource.h; sourceTree = "<group>"; };
		E36C2C701A27ECCF00DA9163 /* EnterLocationTableViewDataSource.m */ = {isa = PBXFileReference; fileEncoding = 4; lastKnownFileType = sourcecode.c.objc; path = EnterLocationTableViewDataSource.m; sourceTree = "<group>"; };
		E36C2C721A28FBB500DA9163 /* CoreLocation.framework */ = {isa = PBXFileReference; lastKnownFileType = wrapper.framework; name = CoreLocation.framework; path = System/Library/Frameworks/CoreLocation.framework; sourceTree = SDKROOT; };
		E36C2C741A2A1A6E00DA9163 /* MessageUI.framework */ = {isa = PBXFileReference; lastKnownFileType = wrapper.framework; name = MessageUI.framework; path = System/Library/Frameworks/MessageUI.framework; sourceTree = SDKROOT; };
		E37D2EE91A204AE200E66938 /* LocationButtonCell.h */ = {isa = PBXFileReference; fileEncoding = 4; lastKnownFileType = sourcecode.c.h; name = LocationButtonCell.h; path = ../LocationButtonCell.h; sourceTree = "<group>"; };
		E37D2EEA1A204AE200E66938 /* LocationButtonCell.m */ = {isa = PBXFileReference; fileEncoding = 4; lastKnownFileType = sourcecode.c.objc; name = LocationButtonCell.m; path = ../LocationButtonCell.m; sourceTree = "<group>"; };
		E37D2EEC1A204B2200E66938 /* AddressFieldCell.h */ = {isa = PBXFileReference; fileEncoding = 4; lastKnownFileType = sourcecode.c.h; name = AddressFieldCell.h; path = ../AddressFieldCell.h; sourceTree = "<group>"; };
		E37D2EED1A204B2200E66938 /* AddressFieldCell.m */ = {isa = PBXFileReference; fileEncoding = 4; lastKnownFileType = sourcecode.c.objc; name = AddressFieldCell.m; path = ../AddressFieldCell.m; sourceTree = "<group>"; };
		E37D2EEF1A204B5D00E66938 /* CommentFieldCell.h */ = {isa = PBXFileReference; fileEncoding = 4; lastKnownFileType = sourcecode.c.h; name = CommentFieldCell.h; path = ../CommentFieldCell.h; sourceTree = "<group>"; };
		E37D2EF01A204B5D00E66938 /* CommentFieldCell.m */ = {isa = PBXFileReference; fileEncoding = 4; lastKnownFileType = sourcecode.c.objc; name = CommentFieldCell.m; path = ../CommentFieldCell.m; sourceTree = "<group>"; };
		E37D2EF21A23B9BD00E66938 /* MapFieldCell.h */ = {isa = PBXFileReference; fileEncoding = 4; lastKnownFileType = sourcecode.c.h; path = MapFieldCell.h; sourceTree = "<group>"; };
		E37D2EF31A23B9BD00E66938 /* MapFieldCell.m */ = {isa = PBXFileReference; fileEncoding = 4; lastKnownFileType = sourcecode.c.objc; path = MapFieldCell.m; sourceTree = "<group>"; };
		E37D2EF51A26753400E66938 /* CameraCell.h */ = {isa = PBXFileReference; fileEncoding = 4; lastKnownFileType = sourcecode.c.h; path = CameraCell.h; sourceTree = "<group>"; };
		E37D2EF61A26753400E66938 /* CameraCell.m */ = {isa = PBXFileReference; fileEncoding = 4; lastKnownFileType = sourcecode.c.objc; path = CameraCell.m; sourceTree = "<group>"; };
		E383D6061A2FFD740030E937 /* SendMessageViewController.h */ = {isa = PBXFileReference; fileEncoding = 4; lastKnownFileType = sourcecode.c.h; path = SendMessageViewController.h; sourceTree = "<group>"; };
		E383D6071A2FFD740030E937 /* SendMessageViewController.m */ = {isa = PBXFileReference; fileEncoding = 4; lastKnownFileType = sourcecode.c.objc; path = SendMessageViewController.m; sourceTree = "<group>"; };
		E383D6081A2FFD740030E937 /* SendMessageViewController.xib */ = {isa = PBXFileReference; fileEncoding = 4; lastKnownFileType = file.xib; path = SendMessageViewController.xib; sourceTree = "<group>"; };
		E383D60B1A3010580030E937 /* SendMessageCell.h */ = {isa = PBXFileReference; fileEncoding = 4; lastKnownFileType = sourcecode.c.h; path = SendMessageCell.h; sourceTree = "<group>"; };
		E383D60C1A3010580030E937 /* SendMessageCell.m */ = {isa = PBXFileReference; fileEncoding = 4; lastKnownFileType = sourcecode.c.objc; path = SendMessageCell.m; sourceTree = "<group>"; };
		E39A4B7F1A1C2E4100909E63 /* SBSApp.app */ = {isa = PBXFileReference; explicitFileType = wrapper.application; includeInIndex = 0; path = SBSApp.app; sourceTree = BUILT_PRODUCTS_DIR; };
		E39A4B831A1C2E4100909E63 /* Info.plist */ = {isa = PBXFileReference; lastKnownFileType = text.plist.xml; path = Info.plist; sourceTree = "<group>"; };
		E39A4B841A1C2E4100909E63 /* main.m */ = {isa = PBXFileReference; lastKnownFileType = sourcecode.c.objc; path = main.m; sourceTree = "<group>"; };
		E39A4B861A1C2E4100909E63 /* AppDelegate.h */ = {isa = PBXFileReference; lastKnownFileType = sourcecode.c.h; path = AppDelegate.h; sourceTree = "<group>"; };
		E39A4B871A1C2E4100909E63 /* AppDelegate.m */ = {isa = PBXFileReference; lastKnownFileType = sourcecode.c.objc; path = AppDelegate.m; sourceTree = "<group>"; };
		E39A4B891A1C2E4100909E63 /* ViewController.h */ = {isa = PBXFileReference; lastKnownFileType = sourcecode.c.h; path = ViewController.h; sourceTree = "<group>"; };
		E39A4B8A1A1C2E4100909E63 /* ViewController.m */ = {isa = PBXFileReference; lastKnownFileType = sourcecode.c.objc; path = ViewController.m; sourceTree = "<group>"; };
		E39A4B8D1A1C2E4100909E63 /* Base */ = {isa = PBXFileReference; lastKnownFileType = file.storyboard; name = Base; path = Base.lproj/Main.storyboard; sourceTree = "<group>"; };
		E39A4B8F1A1C2E4100909E63 /* Images.xcassets */ = {isa = PBXFileReference; lastKnownFileType = folder.assetcatalog; path = Images.xcassets; sourceTree = "<group>"; };
		E39A4B921A1C2E4100909E63 /* Base */ = {isa = PBXFileReference; lastKnownFileType = file.xib; name = Base; path = Base.lproj/LaunchScreen.xib; sourceTree = "<group>"; };
		E39A4B981A1C2E4100909E63 /* SBSAppTests.xctest */ = {isa = PBXFileReference; explicitFileType = wrapper.cfbundle; includeInIndex = 0; path = SBSAppTests.xctest; sourceTree = BUILT_PRODUCTS_DIR; };
		E39A4B9D1A1C2E4100909E63 /* Info.plist */ = {isa = PBXFileReference; lastKnownFileType = text.plist.xml; path = Info.plist; sourceTree = "<group>"; };
		E39A4B9E1A1C2E4100909E63 /* SBSAppTests.m */ = {isa = PBXFileReference; lastKnownFileType = sourcecode.c.objc; path = SBSAppTests.m; sourceTree = "<group>"; };
		E39A4BA81A1C312B00909E63 /* MapKit.framework */ = {isa = PBXFileReference; lastKnownFileType = wrapper.framework; name = MapKit.framework; path = System/Library/Frameworks/MapKit.framework; sourceTree = SDKROOT; };
		E39A4BAA1A1C317900909E63 /* GetLocationViewController.h */ = {isa = PBXFileReference; fileEncoding = 4; lastKnownFileType = sourcecode.c.h; name = GetLocationViewController.h; path = ../GetLocationViewController.h; sourceTree = "<group>"; };
		E39A4BAB1A1C317900909E63 /* GetLocationViewController.m */ = {isa = PBXFileReference; fileEncoding = 4; lastKnownFileType = sourcecode.c.objc; name = GetLocationViewController.m; path = ../GetLocationViewController.m; sourceTree = "<group>"; };
		E39A4BAD1A1C31A200909E63 /* EnterLocationViewController.h */ = {isa = PBXFileReference; fileEncoding = 4; lastKnownFileType = sourcecode.c.h; name = EnterLocationViewController.h; path = ../EnterLocationViewController.h; sourceTree = "<group>"; };
		E39A4BAE1A1C31A200909E63 /* EnterLocationViewController.m */ = {isa = PBXFileReference; fileEncoding = 4; lastKnownFileType = sourcecode.c.objc; name = EnterLocationViewController.m; path = ../EnterLocationViewController.m; sourceTree = "<group>"; };
		E39A4BB31A1C364C00909E63 /* MainTableViewDataSource.h */ = {isa = PBXFileReference; fileEncoding = 4; lastKnownFileType = sourcecode.c.h; name = MainTableViewDataSource.h; path = ../MainTableViewDataSource.h; sourceTree = "<group>"; };
		E39A4BB41A1C364C00909E63 /* MainTableViewDataSource.m */ = {isa = PBXFileReference; fileEncoding = 4; lastKnownFileType = sourcecode.c.objc; name = MainTableViewDataSource.m; path = ../MainTableViewDataSource.m; sourceTree = "<group>"; };
		E39A4BB61A1C5BE300909E63 /* GetLocationTableViewDataSource.h */ = {isa = PBXFileReference; fileEncoding = 4; lastKnownFileType = sourcecode.c.h; path = GetLocationTableViewDataSource.h; sourceTree = "<group>"; };
		E39A4BB71A1C5BE300909E63 /* GetLocationTableViewDataSource.m */ = {isa = PBXFileReference; fileEncoding = 4; lastKnownFileType = sourcecode.c.objc; path = GetLocationTableViewDataSource.m; sourceTree = "<group>"; };
		E3B8F04F1A30D9E200709863 /* GetLocation.png */ = {isa = PBXFileReference; lastKnownFileType = image.png; path = GetLocation.png; sourceTree = "<group>"; };
		E3B8F0501A30D9E200709863 /* GetLocation.svg */ = {isa = PBXFileReference; fileEncoding = 4; lastKnownFileType = text; path = GetLocation.svg; sourceTree = "<group>"; };
		E3B8F0511A30D9E200709863 /* license.txt */ = {isa = PBXFileReference; fileEncoding = 4; lastKnownFileType = text; path = license.txt; sourceTree = "<group>"; };
		E3B8F0691A30E17100709863 /* Truck120pt.png */ = {isa = PBXFileReference; lastKnownFileType = image.png; path = Truck120pt.png; sourceTree = "<group>"; };
		E3B8F06A1A30E17100709863 /* Truck80pt.png */ = {isa = PBXFileReference; lastKnownFileType = image.png; path = Truck80pt.png; sourceTree = "<group>"; };
		E3B8F06D1A30E21000709863 /* Truck87pt.png */ = {isa = PBXFileReference; lastKnownFileType = image.png; path = Truck87pt.png; sourceTree = "<group>"; };
		E3B8F06E1A30E21000709863 /* Truck58pt.png */ = {isa = PBXFileReference; lastKnownFileType = image.png; path = Truck58pt.png; sourceTree = "<group>"; };
		E3B8F0711A30E2F600709863 /* Truck180pt.png */ = {isa = PBXFileReference; lastKnownFileType = image.png; path = Truck180pt.png; sourceTree = "<group>"; };
		E3B8F0731A30E3C100709863 /* Truck29pt.png */ = {isa = PBXFileReference; lastKnownFileType = image.png; path = Truck29pt.png; sourceTree = "<group>"; };
		E3B8F0751A30E41D00709863 /* Truck40pt.png */ = {isa = PBXFileReference; lastKnownFileType = image.png; path = Truck40pt.png; sourceTree = "<group>"; };
		E3B8F0771A30E48700709863 /* Truck152pt.png */ = {isa = PBXFileReference; lastKnownFileType = image.png; path = Truck152pt.png; sourceTree = "<group>"; };
		E3B8F0781A30E48700709863 /* Truck76pt.png */ = {isa = PBXFileReference; lastKnownFileType = image.png; path = Truck76pt.png; sourceTree = "<group>"; };
		E3B8F07B1A30FBE200709863 /* SBSAppearance.h */ = {isa = PBXFileReference; fileEncoding = 4; lastKnownFileType = sourcecode.c.h; path = SBSAppearance.h; sourceTree = "<group>"; };
		E3B8F07C1A30FBE200709863 /* SBSAppearance.m */ = {isa = PBXFileReference; fileEncoding = 4; lastKnownFileType = sourcecode.c.objc; path = SBSAppearance.m; sourceTree = "<group>"; };
		E3E154FA1A26807A007850F0 /* AVFoundation.framework */ = {isa = PBXFileReference; lastKnownFileType = wrapper.framework; name = AVFoundation.framework; path = System/Library/Frameworks/AVFoundation.framework; sourceTree = SDKROOT; };
		E3E155011A278964007850F0 /* CameraViewController.h */ = {isa = PBXFileReference; fileEncoding = 4; lastKnownFileType = sourcecode.c.h; name = CameraViewController.h; path = ../CameraViewController.h; sourceTree = "<group>"; };
		E3E155021A278964007850F0 /* CameraViewController.m */ = {isa = PBXFileReference; fileEncoding = 4; lastKnownFileType = sourcecode.c.objc; name = CameraViewController.m; path = ../CameraViewController.m; sourceTree = "<group>"; };
		E3E155031A278964007850F0 /* CameraViewController.xib */ = {isa = PBXFileReference; fileEncoding = 4; lastKnownFileType = file.xib; name = CameraViewController.xib; path = ../CameraViewController.xib; sourceTree = "<group>"; };
/* End PBXFileReference section */

/* Begin PBXFrameworksBuildPhase section */
		E39A4B7C1A1C2E4100909E63 /* Frameworks */ = {
			isa = PBXFrameworksBuildPhase;
			buildActionMask = 2147483647;
			files = (
				E36C2C751A2A1A6E00DA9163 /* MessageUI.framework in Frameworks */,
				E36C2C731A28FBB500DA9163 /* CoreLocation.framework in Frameworks */,
				E3E154FB1A26807A007850F0 /* AVFoundation.framework in Frameworks */,
				E39A4BA91A1C312B00909E63 /* MapKit.framework in Frameworks */,
			);
			runOnlyForDeploymentPostprocessing = 0;
		};
		E39A4B951A1C2E4100909E63 /* Frameworks */ = {
			isa = PBXFrameworksBuildPhase;
			buildActionMask = 2147483647;
			files = (
			);
			runOnlyForDeploymentPostprocessing = 0;
		};
/* End PBXFrameworksBuildPhase section */

/* Begin PBXGroup section */
		E39A4B761A1C2E4100909E63 = {
			isa = PBXGroup;
			children = (
				E36C2C741A2A1A6E00DA9163 /* MessageUI.framework */,
				E36C2C721A28FBB500DA9163 /* CoreLocation.framework */,
				E3E154FA1A26807A007850F0 /* AVFoundation.framework */,
				E39A4BA81A1C312B00909E63 /* MapKit.framework */,
				E39A4B811A1C2E4100909E63 /* SBSApp */,
				E39A4B9B1A1C2E4100909E63 /* SBSAppTests */,
				E39A4B801A1C2E4100909E63 /* Products */,
			);
			sourceTree = "<group>";
		};
		E39A4B801A1C2E4100909E63 /* Products */ = {
			isa = PBXGroup;
			children = (
				E39A4B7F1A1C2E4100909E63 /* SBSApp.app */,
				E39A4B981A1C2E4100909E63 /* SBSAppTests.xctest */,
			);
			name = Products;
			sourceTree = "<group>";
		};
		E39A4B811A1C2E4100909E63 /* SBSApp */ = {
			isa = PBXGroup;
			children = (
				E3B8F07B1A30FBE200709863 /* SBSAppearance.h */,
				E3B8F07C1A30FBE200709863 /* SBSAppearance.m */,
				E39A4B861A1C2E4100909E63 /* AppDelegate.h */,
				E39A4B871A1C2E4100909E63 /* AppDelegate.m */,
				E39A4B891A1C2E4100909E63 /* ViewController.h */,
				E39A4B8A1A1C2E4100909E63 /* ViewController.m */,
				E39A4B8C1A1C2E4100909E63 /* Main.storyboard */,
				E39A4BB31A1C364C00909E63 /* MainTableViewDataSource.h */,
				E39A4BB41A1C364C00909E63 /* MainTableViewDataSource.m */,
				E39A4BAA1A1C317900909E63 /* GetLocationViewController.h */,
				E39A4BAB1A1C317900909E63 /* GetLocationViewController.m */,
				E39A4BB61A1C5BE300909E63 /* GetLocationTableViewDataSource.h */,
				E39A4BB71A1C5BE300909E63 /* GetLocationTableViewDataSource.m */,
				E39A4BAD1A1C31A200909E63 /* EnterLocationViewController.h */,
				E39A4BAE1A1C31A200909E63 /* EnterLocationViewController.m */,
				E36C2C6F1A27ECCF00DA9163 /* EnterLocationTableViewDataSource.h */,
				E36C2C701A27ECCF00DA9163 /* EnterLocationTableViewDataSource.m */,
				E37D2EE91A204AE200E66938 /* LocationButtonCell.h */,
				E37D2EEA1A204AE200E66938 /* LocationButtonCell.m */,
				E37D2EEC1A204B2200E66938 /* AddressFieldCell.h */,
				E37D2EED1A204B2200E66938 /* AddressFieldCell.m */,
				E37D2EEF1A204B5D00E66938 /* CommentFieldCell.h */,
				E37D2EF01A204B5D00E66938 /* CommentFieldCell.m */,
				E37D2EF21A23B9BD00E66938 /* MapFieldCell.h */,
				E37D2EF31A23B9BD00E66938 /* MapFieldCell.m */,
				E383D60B1A3010580030E937 /* SendMessageCell.h */,
				E383D60C1A3010580030E937 /* SendMessageCell.m */,
				E37D2EF51A26753400E66938 /* CameraCell.h */,
				E37D2EF61A26753400E66938 /* CameraCell.m */,
				E383D6061A2FFD740030E937 /* SendMessageViewController.h */,
				E383D6071A2FFD740030E937 /* SendMessageViewController.m */,
				E383D6081A2FFD740030E937 /* SendMessageViewController.xib */,
				E3E155011A278964007850F0 /* CameraViewController.h */,
				E3E155021A278964007850F0 /* CameraViewController.m */,
				E3E155031A278964007850F0 /* CameraViewController.xib */,
				E39A4B8F1A1C2E4100909E63 /* Images.xcassets */,
				E3B8F0681A30E17100709863 /* TruckImages */,
				E3B8F04E1A30D9E200709863 /* SBSIconImage */,
				E39A4B911A1C2E4100909E63 /* LaunchScreen.xib */,
				E39A4B821A1C2E4100909E63 /* Supporting Files */,
			);
			path = SBSApp;
			sourceTree = "<group>";
		};
		E39A4B821A1C2E4100909E63 /* Supporting Files */ = {
			isa = PBXGroup;
			children = (
				E39A4B831A1C2E4100909E63 /* Info.plist */,
				E39A4B841A1C2E4100909E63 /* main.m */,
			);
			name = "Supporting Files";
			sourceTree = "<group>";
		};
		E39A4B9B1A1C2E4100909E63 /* SBSAppTests */ = {
			isa = PBXGroup;
			children = (
				E39A4B9E1A1C2E4100909E63 /* SBSAppTests.m */,
				E39A4B9C1A1C2E4100909E63 /* Supporting Files */,
			);
			path = SBSAppTests;
			sourceTree = "<group>";
		};
		E39A4B9C1A1C2E4100909E63 /* Supporting Files */ = {
			isa = PBXGroup;
			children = (
				E39A4B9D1A1C2E4100909E63 /* Info.plist */,
			);
			name = "Supporting Files";
			sourceTree = "<group>";
		};
		E3B8F04E1A30D9E200709863 /* SBSIconImage */ = {
			isa = PBXGroup;
			children = (
				E3B8F04F1A30D9E200709863 /* GetLocation.png */,
				E3B8F0501A30D9E200709863 /* GetLocation.svg */,
				E3B8F0511A30D9E200709863 /* license.txt */,
			);
			path = SBSIconImage;
			sourceTree = "<group>";
		};
		E3B8F0681A30E17100709863 /* TruckImages */ = {
			isa = PBXGroup;
			children = (
				E3B8F0771A30E48700709863 /* Truck152pt.png */,
				E3B8F0781A30E48700709863 /* Truck76pt.png */,
				E3B8F0751A30E41D00709863 /* Truck40pt.png */,
				E3B8F0731A30E3C100709863 /* Truck29pt.png */,
				E3B8F0711A30E2F600709863 /* Truck180pt.png */,
				E3B8F06D1A30E21000709863 /* Truck87pt.png */,
				E3B8F06E1A30E21000709863 /* Truck58pt.png */,
				E3B8F0691A30E17100709863 /* Truck120pt.png */,
				E3B8F06A1A30E17100709863 /* Truck80pt.png */,
			);
			path = TruckImages;
			sourceTree = "<group>";
		};
/* End PBXGroup section */

/* Begin PBXNativeTarget section */
		E39A4B7E1A1C2E4100909E63 /* SBSApp */ = {
			isa = PBXNativeTarget;
			buildConfigurationList = E39A4BA21A1C2E4100909E63 /* Build configuration list for PBXNativeTarget "SBSApp" */;
			buildPhases = (
				E39A4B7B1A1C2E4100909E63 /* Sources */,
				E39A4B7C1A1C2E4100909E63 /* Frameworks */,
				E39A4B7D1A1C2E4100909E63 /* Resources */,
			);
			buildRules = (
			);
			dependencies = (
			);
			name = SBSApp;
			productName = SBSApp;
			productReference = E39A4B7F1A1C2E4100909E63 /* SBSApp.app */;
			productType = "com.apple.product-type.application";
		};
		E39A4B971A1C2E4100909E63 /* SBSAppTests */ = {
			isa = PBXNativeTarget;
			buildConfigurationList = E39A4BA51A1C2E4100909E63 /* Build configuration list for PBXNativeTarget "SBSAppTests" */;
			buildPhases = (
				E39A4B941A1C2E4100909E63 /* Sources */,
				E39A4B951A1C2E4100909E63 /* Frameworks */,
				E39A4B961A1C2E4100909E63 /* Resources */,
			);
			buildRules = (
			);
			dependencies = (
				E39A4B9A1A1C2E4100909E63 /* PBXTargetDependency */,
			);
			name = SBSAppTests;
			productName = SBSAppTests;
			productReference = E39A4B981A1C2E4100909E63 /* SBSAppTests.xctest */;
			productType = "com.apple.product-type.bundle.unit-test";
		};
/* End PBXNativeTarget section */

/* Begin PBXProject section */
		E39A4B771A1C2E4100909E63 /* Project object */ = {
			isa = PBXProject;
			attributes = {
				LastUpgradeCheck = 0610;
				ORGANIZATIONNAME = "Learning iOS Development";
				TargetAttributes = {
					E39A4B7E1A1C2E4100909E63 = {
						CreatedOnToolsVersion = 6.1;
					};
					E39A4B971A1C2E4100909E63 = {
						CreatedOnToolsVersion = 6.1;
						TestTargetID = E39A4B7E1A1C2E4100909E63;
					};
				};
			};
			buildConfigurationList = E39A4B7A1A1C2E4100909E63 /* Build configuration list for PBXProject "SBSApp" */;
			compatibilityVersion = "Xcode 3.2";
			developmentRegion = English;
			hasScannedForEncodings = 0;
			knownRegions = (
				en,
				Base,
			);
			mainGroup = E39A4B761A1C2E4100909E63;
			productRefGroup = E39A4B801A1C2E4100909E63 /* Products */;
			projectDirPath = "";
			projectRoot = "";
			targets = (
				E39A4B7E1A1C2E4100909E63 /* SBSApp */,
				E39A4B971A1C2E4100909E63 /* SBSAppTests */,
			);
		};
/* End PBXProject section */

/* Begin PBXResourcesBuildPhase section */
		E39A4B7D1A1C2E4100909E63 /* Resources */ = {
			isa = PBXResourcesBuildPhase;
			buildActionMask = 2147483647;
			files = (
				E39A4B8E1A1C2E4100909E63 /* Main.storyboard in Resources */,
				E3B8F06C1A30E17100709863 /* Truck80pt.png in Resources */,
				E3B8F0741A30E3C100709863 /* Truck29pt.png in Resources */,
				E3B8F0761A30E41D00709863 /* Truck40pt.png in Resources */,
				E3B8F07A1A30E48700709863 /* Truck76pt.png in Resources */,
				E3B8F0701A30E21000709863 /* Truck58pt.png in Resources */,
				E3E155051A278964007850F0 /* CameraViewController.xib in Resources */,
				E3B8F0791A30E48700709863 /* Truck152pt.png in Resources */,
				E39A4B931A1C2E4100909E63 /* LaunchScreen.xib in Resources */,
				E3B8F0531A30D9E200709863 /* GetLocation.svg in Resources */,
				E3B8F0541A30D9E200709863 /* license.txt in Resources */,
				E3B8F06B1A30E17100709863 /* Truck120pt.png in Resources */,
				E3B8F06F1A30E21000709863 /* Truck87pt.png in Resources */,
				E3B8F0521A30D9E200709863 /* GetLocation.png in Resources */,
				E383D60A1A2FFD740030E937 /* SendMessageViewController.xib in Resources */,
				E3B8F0721A30E2F600709863 /* Truck180pt.png in Resources */,
				E39A4B901A1C2E4100909E63 /* Images.xcassets in Resources */,
			);
			runOnlyForDeploymentPostprocessing = 0;
		};
		E39A4B961A1C2E4100909E63 /* Resources */ = {
			isa = PBXResourcesBuildPhase;
			buildActionMask = 2147483647;
			files = (
			);
			runOnlyForDeploymentPostprocessing = 0;
		};
/* End PBXResourcesBuildPhase section */

/* Begin PBXSourcesBuildPhase section */
		E39A4B7B1A1C2E4100909E63 /* Sources */ = {
			isa = PBXSourcesBuildPhase;
			buildActionMask = 2147483647;
			files = (
				E37D2EEB1A204AE200E66938 /* LocationButtonCell.m in Sources */,
				E37D2EEE1A204B2200E66938 /* AddressFieldCell.m in Sources */,
				E3B8F07D1A30FBE200709863 /* SBSAppearance.m in Sources */,
				E39A4BAF1A1C31A300909E63 /* EnterLocationViewController.m in Sources */,
				E39A4B8B1A1C2E4100909E63 /* ViewController.m in Sources */,
				E37D2EF41A23B9BE00E66938 /* MapFieldCell.m in Sources */,
				E39A4B881A1C2E4100909E63 /* AppDelegate.m in Sources */,
				E39A4BB51A1C364C00909E63 /* MainTableViewDataSource.m in Sources */,
				E39A4BB81A1C5BE300909E63 /* GetLocationTableViewDataSource.m in Sources */,
				E37D2EF71A26753400E66938 /* CameraCell.m in Sources */,
				E383D6091A2FFD740030E937 /* SendMessageViewController.m in Sources */,
				E3E155041A278964007850F0 /* CameraViewController.m in Sources */,
				E383D60D1A3010580030E937 /* SendMessageCell.m in Sources */,
				E36C2C711A27ECCF00DA9163 /* EnterLocationTableViewDataSource.m in Sources */,
				E39A4BAC1A1C317900909E63 /* GetLocationViewController.m in Sources */,
				E39A4B851A1C2E4100909E63 /* main.m in Sources */,
				E37D2EF11A204B5D00E66938 /* CommentFieldCell.m in Sources */,
			);
			runOnlyForDeploymentPostprocessing = 0;
		};
		E39A4B941A1C2E4100909E63 /* Sources */ = {
			isa = PBXSourcesBuildPhase;
			buildActionMask = 2147483647;
			files = (
				E39A4B9F1A1C2E4100909E63 /* SBSAppTests.m in Sources */,
			);
			runOnlyForDeploymentPostprocessing = 0;
		};
/* End PBXSourcesBuildPhase section */

/* Begin PBXTargetDependency section */
		E39A4B9A1A1C2E4100909E63 /* PBXTargetDependency */ = {
			isa = PBXTargetDependency;
			target = E39A4B7E1A1C2E4100909E63 /* SBSApp */;
			targetProxy = E39A4B991A1C2E4100909E63 /* PBXContainerItemProxy */;
		};
/* End PBXTargetDependency section */

/* Begin PBXVariantGroup section */
		E39A4B8C1A1C2E4100909E63 /* Main.storyboard */ = {
			isa = PBXVariantGroup;
			children = (
				E39A4B8D1A1C2E4100909E63 /* Base */,
			);
			name = Main.storyboard;
			sourceTree = "<group>";
		};
		E39A4B911A1C2E4100909E63 /* LaunchScreen.xib */ = {
			isa = PBXVariantGroup;
			children = (
				E39A4B921A1C2E4100909E63 /* Base */,
			);
			name = LaunchScreen.xib;
			sourceTree = "<group>";
		};
/* End PBXVariantGroup section */

/* Begin XCBuildConfiguration section */
		E39A4BA01A1C2E4100909E63 /* Debug */ = {
			isa = XCBuildConfiguration;
			buildSettings = {
				ALWAYS_SEARCH_USER_PATHS = NO;
				CLANG_CXX_LANGUAGE_STANDARD = "gnu++0x";
				CLANG_CXX_LIBRARY = "libc++";
				CLANG_ENABLE_MODULES = YES;
				CLANG_ENABLE_OBJC_ARC = YES;
				CLANG_WARN_BOOL_CONVERSION = YES;
				CLANG_WARN_CONSTANT_CONVERSION = YES;
				CLANG_WARN_DIRECT_OBJC_ISA_USAGE = YES_ERROR;
				CLANG_WARN_EMPTY_BODY = YES;
				CLANG_WARN_ENUM_CONVERSION = YES;
				CLANG_WARN_INT_CONVERSION = YES;
				CLANG_WARN_OBJC_ROOT_CLASS = YES_ERROR;
				CLANG_WARN_UNREACHABLE_CODE = YES;
				CLANG_WARN__DUPLICATE_METHOD_MATCH = YES;
				"CODE_SIGN_IDENTITY[sdk=iphoneos*]" = "iPhone Developer";
				COPY_PHASE_STRIP = NO;
				ENABLE_STRICT_OBJC_MSGSEND = YES;
				GCC_C_LANGUAGE_STANDARD = gnu99;
				GCC_DYNAMIC_NO_PIC = NO;
				GCC_OPTIMIZATION_LEVEL = 0;
				GCC_PREPROCESSOR_DEFINITIONS = (
					"DEBUG=1",
					"$(inherited)",
				);
				GCC_SYMBOLS_PRIVATE_EXTERN = NO;
				GCC_WARN_64_TO_32_BIT_CONVERSION = YES;
				GCC_WARN_ABOUT_RETURN_TYPE = YES_ERROR;
				GCC_WARN_UNDECLARED_SELECTOR = YES;
				GCC_WARN_UNINITIALIZED_AUTOS = YES_AGGRESSIVE;
				GCC_WARN_UNUSED_FUNCTION = YES;
				GCC_WARN_UNUSED_VARIABLE = YES;
				IPHONEOS_DEPLOYMENT_TARGET = 8.1;
				MTL_ENABLE_DEBUG_INFO = YES;
				ONLY_ACTIVE_ARCH = YES;
				SDKROOT = iphoneos;
				TARGETED_DEVICE_FAMILY = "1,2";
			};
			name = Debug;
		};
		E39A4BA11A1C2E4100909E63 /* Release */ = {
			isa = XCBuildConfiguration;
			buildSettings = {
				ALWAYS_SEARCH_USER_PATHS = NO;
				CLANG_CXX_LANGUAGE_STANDARD = "gnu++0x";
				CLANG_CXX_LIBRARY = "libc++";
				CLANG_ENABLE_MODULES = YES;
				CLANG_ENABLE_OBJC_ARC = YES;
				CLANG_WARN_BOOL_CONVERSION = YES;
				CLANG_WARN_CONSTANT_CONVERSION = YES;
				CLANG_WARN_DIRECT_OBJC_ISA_USAGE = YES_ERROR;
				CLANG_WARN_EMPTY_BODY = YES;
				CLANG_WARN_ENUM_CONVERSION = YES;
				CLANG_WARN_INT_CONVERSION = YES;
				CLANG_WARN_OBJC_ROOT_CLASS = YES_ERROR;
				CLANG_WARN_UNREACHABLE_CODE = YES;
				CLANG_WARN__DUPLICATE_METHOD_MATCH = YES;
				"CODE_SIGN_IDENTITY[sdk=iphoneos*]" = "iPhone Developer";
				COPY_PHASE_STRIP = YES;
				ENABLE_NS_ASSERTIONS = NO;
				ENABLE_STRICT_OBJC_MSGSEND = YES;
				GCC_C_LANGUAGE_STANDARD = gnu99;
				GCC_WARN_64_TO_32_BIT_CONVERSION = YES;
				GCC_WARN_ABOUT_RETURN_TYPE = YES_ERROR;
				GCC_WARN_UNDECLARED_SELECTOR = YES;
				GCC_WARN_UNINITIALIZED_AUTOS = YES_AGGRESSIVE;
				GCC_WARN_UNUSED_FUNCTION = YES;
				GCC_WARN_UNUSED_VARIABLE = YES;
				IPHONEOS_DEPLOYMENT_TARGET = 8.1;
				MTL_ENABLE_DEBUG_INFO = NO;
				SDKROOT = iphoneos;
				TARGETED_DEVICE_FAMILY = "1,2";
				VALIDATE_PRODUCT = YES;
			};
			name = Release;
		};
		E39A4BA31A1C2E4100909E63 /* Debug */ = {
			isa = XCBuildConfiguration;
			buildSettings = {
				ASSETCATALOG_COMPILER_APPICON_NAME = AppIcon;
				INFOPLIST_FILE = SBSApp/Info.plist;
				IPHONEOS_DEPLOYMENT_TARGET = 8.0;
				LD_RUNPATH_SEARCH_PATHS = "$(inherited) @executable_path/Frameworks";
				PRODUCT_NAME = "$(TARGET_NAME)";
				TARGETED_DEVICE_FAMILY = "1,2";
			};
			name = Debug;
		};
		E39A4BA41A1C2E4100909E63 /* Release */ = {
			isa = XCBuildConfiguration;
			buildSettings = {
				ASSETCATALOG_COMPILER_APPICON_NAME = AppIcon;
				INFOPLIST_FILE = SBSApp/Info.plist;
				IPHONEOS_DEPLOYMENT_TARGET = 8.0;
				LD_RUNPATH_SEARCH_PATHS = "$(inherited) @executable_path/Frameworks";
				PRODUCT_NAME = "$(TARGET_NAME)";
				TARGETED_DEVICE_FAMILY = "1,2";
			};
			name = Release;
		};
		E39A4BA61A1C2E4100909E63 /* Debug */ = {
			isa = XCBuildConfiguration;
			buildSettings = {
				BUNDLE_LOADER = "$(TEST_HOST)";
				FRAMEWORK_SEARCH_PATHS = (
					"$(SDKROOT)/Developer/Library/Frameworks",
					"$(inherited)",
				);
				GCC_PREPROCESSOR_DEFINITIONS = (
					"DEBUG=1",
					"$(inherited)",
				);
				INFOPLIST_FILE = SBSAppTests/Info.plist;
				LD_RUNPATH_SEARCH_PATHS = "$(inherited) @executable_path/Frameworks @loader_path/Frameworks";
				PRODUCT_NAME = "$(TARGET_NAME)";
				TEST_HOST = "$(BUILT_PRODUCTS_DIR)/SBSApp.app/SBSApp";
			};
			name = Debug;
		};
		E39A4BA71A1C2E4100909E63 /* Release */ = {
			isa = XCBuildConfiguration;
			buildSettings = {
				BUNDLE_LOADER = "$(TEST_HOST)";
				FRAMEWORK_SEARCH_PATHS = (
					"$(SDKROOT)/Developer/Library/Frameworks",
					"$(inherited)",
				);
				INFOPLIST_FILE = SBSAppTests/Info.plist;
				LD_RUNPATH_SEARCH_PATHS = "$(inherited) @executable_path/Frameworks @loader_path/Frameworks";
				PRODUCT_NAME = "$(TARGET_NAME)";
				TEST_HOST = "$(BUILT_PRODUCTS_DIR)/SBSApp.app/SBSApp";
			};
			name = Release;
		};
/* End XCBuildConfiguration section */

/* Begin XCConfigurationList section */
		E39A4B7A1A1C2E4100909E63 /* Build configuration list for PBXProject "SBSApp" */ = {
			isa = XCConfigurationList;
			buildConfigurations = (
				E39A4BA01A1C2E4100909E63 /* Debug */,
				E39A4BA11A1C2E4100909E63 /* Release */,
			);
			defaultConfigurationIsVisible = 0;
			defaultConfigurationName = Release;
		};
		E39A4BA21A1C2E4100909E63 /* Build configuration list for PBXNativeTarget "SBSApp" */ = {
			isa = XCConfigurationList;
			buildConfigurations = (
				E39A4BA31A1C2E4100909E63 /* Debug */,
				E39A4BA41A1C2E4100909E63 /* Release */,
			);
			defaultConfigurationIsVisible = 0;
			defaultConfigurationName = Release;
		};
		E39A4BA51A1C2E4100909E63 /* Build configuration list for PBXNativeTarget "SBSAppTests" */ = {
			isa = XCConfigurationList;
			buildConfigurations = (
				E39A4BA61A1C2E4100909E63 /* Debug */,
				E39A4BA71A1C2E4100909E63 /* Release */,
			);
			defaultConfigurationIsVisible = 0;
			defaultConfigurationName = Release;
		};
/* End XCConfigurationList section */
	};
	rootObject = E39A4B771A1C2E4100909E63 /* Project object */;
}
